
Microsoft Visual Studio Solution File, Format Version 12.00
# Visual Studio Version 17
VisualStudioVersion = 17.7.34024.191
MinimumVisualStudioVersion = 10.0.40219.1
Project("{FAE04EC0-301F-11D3-BF4B-00C04F79EFBC}") = "TeaTrack.UI", "TeaTrack.UI\TeaTrack.UI.csproj", "{39ED4DCA-EBCF-4A1A-BB4F-DE4205E2A96D}"
EndProject
Global
	GlobalSection(SolutionConfigurationPlatforms) = preSolution
		Debug|Any CPU = Debug|Any CPU
		Release|Any CPU = Release|Any CPU
	EndGlobalSection
	GlobalSection(ProjectConfigurationPlatforms) = postSolution
		{39ED4DCA-EBCF-4A1A-BB4F-DE4205E2A96D}.Debug|Any CPU.ActiveCfg = Debug|Any CPU
		{39ED4DCA-EBCF-4A1A-BB4F-DE4205E2A96D}.Debug|Any CPU.Build.0 = Debug|Any CPU
		{39ED4DCA-EBCF-4A1A-BB4F-DE4205E2A96D}.Release|Any CPU.ActiveCfg = Release|Any CPU
		{39ED4DCA-EBCF-4A1A-BB4F-DE4205E2A96D}.Release|Any CPU.Build.0 = Release|Any CPU
	EndGlobalSection
	GlobalSection(SolutionProperties) = preSolution
		HideSolutionNode = FALSE
	EndGlobalSection
	GlobalSection(ExtensibilityGlobals) = postSolution
		SolutionGuid = {E7BB1086-8EA4-43A5-8BC6-A921BDFC8748}
	EndGlobalSection
EndGlobal
